
Microsoft Visual Studio Solution File, Format Version 12.00
# Visual Studio Version 17
VisualStudioVersion = 17.9.34728.123
MinimumVisualStudioVersion = 10.0.40219.1
Project("{FAE04EC0-301F-11D3-BF4B-00C04F79EFBC}") = "W6StringsAndArrays", "W6StringsAndArrays\W6StringsAndArrays.csproj", "{06F814E5-939D-4EC8-9BA1-E5D5ED06F08B}"
EndProject
Project("{FAE04EC0-301F-11D3-BF4B-00C04F79EFBC}") = "Arrays", "Arrays\Arrays.csproj", "{7578EDA5-2F50-4DC3-A2D7-CC802361348C}"
EndProject
Project("{FAE04EC0-301F-11D3-BF4B-00C04F79EFBC}") = "NumberArrays", "NumberArrays\NumberArrays.csproj", "{472B6FE8-8EEF-4539-82CB-FA52F1A14E33}"
EndProject
Project("{FAE04EC0-301F-11D3-BF4B-00C04F79EFBC}") = "RandomElement", "RandomElement\RandomElement.csproj", "{0A14786E-5920-4329-92E2-CE3089BF85BD}"
EndProject
Global
	GlobalSection(SolutionConfigurationPlatforms) = preSolution
		Debug|Any CPU = Debug|Any CPU
		Release|Any CPU = Release|Any CPU
	EndGlobalSection
	GlobalSection(ProjectConfigurationPlatforms) = postSolution
		{06F814E5-939D-4EC8-9BA1-E5D5ED06F08B}.Debug|Any CPU.ActiveCfg = Debug|Any CPU
		{06F814E5-939D-4EC8-9BA1-E5D5ED06F08B}.Debug|Any CPU.Build.0 = Debug|Any CPU
		{06F814E5-939D-4EC8-9BA1-E5D5ED06F08B}.Release|Any CPU.ActiveCfg = Release|Any CPU
		{06F814E5-939D-4EC8-9BA1-E5D5ED06F08B}.Release|Any CPU.Build.0 = Release|Any CPU
		{7578EDA5-2F50-4DC3-A2D7-CC802361348C}.Debug|Any CPU.ActiveCfg = Debug|Any CPU
		{7578EDA5-2F50-4DC3-A2D7-CC802361348C}.Debug|Any CPU.Build.0 = Debug|Any CPU
		{7578EDA5-2F50-4DC3-A2D7-CC802361348C}.Release|Any CPU.ActiveCfg = Release|Any CPU
		{7578EDA5-2F50-4DC3-A2D7-CC802361348C}.Release|Any CPU.Build.0 = Release|Any CPU
		{472B6FE8-8EEF-4539-82CB-FA52F1A14E33}.Debug|Any CPU.ActiveCfg = Debug|Any CPU
		{472B6FE8-8EEF-4539-82CB-FA52F1A14E33}.Debug|Any CPU.Build.0 = Debug|Any CPU
		{472B6FE8-8EEF-4539-82CB-FA52F1A14E33}.Release|Any CPU.ActiveCfg = Release|Any CPU
		{472B6FE8-8EEF-4539-82CB-FA52F1A14E33}.Release|Any CPU.Build.0 = Release|Any CPU
		{0A14786E-5920-4329-92E2-CE3089BF85BD}.Debug|Any CPU.ActiveCfg = Debug|Any CPU
		{0A14786E-5920-4329-92E2-CE3089BF85BD}.Debug|Any CPU.Build.0 = Debug|Any CPU
		{0A14786E-5920-4329-92E2-CE3089BF85BD}.Release|Any CPU.ActiveCfg = Release|Any CPU
		{0A14786E-5920-4329-92E2-CE3089BF85BD}.Release|Any CPU.Build.0 = Release|Any CPU
	EndGlobalSection
	GlobalSection(SolutionProperties) = preSolution
		HideSolutionNode = FALSE
	EndGlobalSection
	GlobalSection(ExtensibilityGlobals) = postSolution
		SolutionGuid = {C26472BD-7239-4E9C-8150-CFBD7E834C26}
	EndGlobalSection
EndGlobal
